<?xml version="1.0" encoding="utf-8"?>
<Project ToolsVersion="4.0" xmlns="http://schemas.microsoft.com/developer/msbuild/2003">
  <ItemGroup>
    <ClCompile Include="CouleurJoueur.h">
      <Filter>.h</Filter>
    </ClCompile>
    <ClCompile Include="TypeUnite.h">
      <Filter>.h</Filter>
    </ClCompile>
    <ClCompile Include="Arme.cpp">
      <Filter>.cpp</Filter>
    </ClCompile>
    <ClCompile Include="ArmeManager.cpp">
      <Filter>.cpp</Filter>
    </ClCompile>
    <ClCompile Include="Batiment.cpp">
      <Filter>.cpp</Filter>
    </ClCompile>
    <ClCompile Include="BatimentManager.cpp">
      <Filter>.cpp</Filter>
    </ClCompile>
    <ClCompile Include="Button.cpp">
      <Filter>.cpp</Filter>
    </ClCompile>
    <ClCompile Include="Entite.cpp">
      <Filter>.cpp</Filter>
    </ClCompile>
    <ClCompile Include="EtatJeu.cpp">
      <Filter>.cpp</Filter>
    </ClCompile>
    <ClCompile Include="EtatMenu.cpp">
      <Filter>.cpp</Filter>
    </ClCompile>
    <ClCompile Include="Game.cpp">
      <Filter>.cpp</Filter>
    </ClCompile>
    <ClCompile Include="Interface.cpp">
      <Filter>.cpp</Filter>
    </ClCompile>
    <ClCompile Include="main.cpp">
      <Filter>.cpp</Filter>
    </ClCompile>
    <ClCompile Include="map.cpp">
      <Filter>.cpp</Filter>
    </ClCompile>
    <ClCompile Include="MenuPrincipal.cpp">
      <Filter>.cpp</Filter>
    </ClCompile>
    <ClCompile Include="Meteo.cpp">
      <Filter>.cpp</Filter>
    </ClCompile>
    <ClCompile Include="Minimap.cpp">
      <Filter>.cpp</Filter>
    </ClCompile>
    <ClCompile Include="Player.cpp">
      <Filter>.cpp</Filter>
    </ClCompile>
    <ClCompile Include="ProductionsRessource.cpp">
      <Filter>.cpp</Filter>
    </ClCompile>
    <ClCompile Include="ProductionsUnite.cpp">
      <Filter>.cpp</Filter>
    </ClCompile>
    <ClCompile Include="SpriteManager.cpp">
      <Filter>.cpp</Filter>
    </ClCompile>
    <ClCompile Include="Technologie.cpp">
      <Filter>.cpp</Filter>
    </ClCompile>
    <ClCompile Include="TextureManager.cpp">
      <Filter>.cpp</Filter>
    </ClCompile>
    <ClCompile Include="Tile.cpp">
      <Filter>.cpp</Filter>
    </ClCompile>
    <ClCompile Include="Unite.cpp">
      <Filter>.cpp</Filter>
    </ClCompile>
    <ClCompile Include="UniteArmee.cpp">
      <Filter>.cpp</Filter>
    </ClCompile>
    <ClCompile Include="UniteManager.cpp">
      <Filter>.cpp</Filter>
    </ClCompile>
    <ClCompile Include="UniteUtilitaire.cpp">
      <Filter>.cpp</Filter>
    </ClCompile>
  </ItemGroup>
  <ItemGroup>
    <ClInclude Include="Arme.h">
      <Filter>.h</Filter>
    </ClInclude>
    <ClInclude Include="ArmeManager.h">
      <Filter>.h</Filter>
    </ClInclude>
    <ClInclude Include="Batiment.h">
      <Filter>.h</Filter>
    </ClInclude>
    <ClInclude Include="BatimentManager.h">
      <Filter>.h</Filter>
    </ClInclude>
    <ClInclude Include="Button.h">
      <Filter>.h</Filter>
    </ClInclude>
    <ClInclude Include="Constantes.h">
      <Filter>.h</Filter>
    </ClInclude>
    <ClInclude Include="Entite.h">
      <Filter>.h</Filter>
    </ClInclude>
    <ClInclude Include="Etat.h">
      <Filter>.h</Filter>
    </ClInclude>
    <ClInclude Include="EtatJeu.h">
      <Filter>.h</Filter>
    </ClInclude>
    <ClInclude Include="EtatMenu.h">
      <Filter>.h</Filter>
    </ClInclude>
    <ClInclude Include="Game.h">
      <Filter>.h</Filter>
    </ClInclude>
    <ClInclude Include="Interface.h">
      <Filter>.h</Filter>
    </ClInclude>
    <ClInclude Include="map.h">
      <Filter>.h</Filter>
    </ClInclude>
    <ClInclude Include="MenuPrincipal.h">
      <Filter>.h</Filter>
    </ClInclude>
    <ClInclude Include="Meteo.h">
      <Filter>.h</Filter>
    </ClInclude>
    <ClInclude Include="Minimap.h">
      <Filter>.h</Filter>
    </ClInclude>
    <ClInclude Include="Outil.h">
      <Filter>.h</Filter>
    </ClInclude>
    <ClInclude Include="Player.h">
      <Filter>.h</Filter>
    </ClInclude>
    <ClInclude Include="ProductionsRessource.h">
      <Filter>.h</Filter>
    </ClInclude>
    <ClInclude Include="ProductionsUnite.h">
      <Filter>.h</Filter>
    </ClInclude>
    <ClInclude Include="Ressource.h">
      <Filter>.h</Filter>
    </ClInclude>
    <ClInclude Include="SpriteManager.h">
      <Filter>.h</Filter>
    </ClInclude>
    <ClInclude Include="Technologie.h">
      <Filter>.h</Filter>
    </ClInclude>
    <ClInclude Include="TextureManager.h">
      <Filter>.h</Filter>
    </ClInclude>
    <ClInclude Include="Tile.h">
      <Filter>.h</Filter>
    </ClInclude>
    <ClInclude Include="TypeCase.h">
      <Filter>.h</Filter>
    </ClInclude>
    <ClInclude Include="Unite.h">
      <Filter>.h</Filter>
    </ClInclude>
    <ClInclude Include="UniteArmee.h">
      <Filter>.h</Filter>
    </ClInclude>
    <ClInclude Include="UniteManager.h">
      <Filter>.h</Filter>
    </ClInclude>
    <ClInclude Include="UniteUtilitaire.h">
      <Filter>.h</Filter>
    </ClInclude>
  </ItemGroup>
  <ItemGroup>
    <Text Include="readme.txt" />
  </ItemGroup>
  <ItemGroup>
    <Filter Include=".cpp">
      <UniqueIdentifier>{40c6a5a5-7bed-40d3-ae61-af3fff4de064}</UniqueIdentifier>
    </Filter>
    <Filter Include=".h">
      <UniqueIdentifier>{94a22b1b-6be2-4991-9f1c-af462f165a53}</UniqueIdentifier>
    </Filter>
  </ItemGroup>
</Project>