<?xml version="1.0" encoding="utf-8"?>
<Project ToolsVersion="4.0" xmlns="http://schemas.microsoft.com/developer/msbuild/2003">
  <ItemGroup>
    <ClCompile Include="EtatJeu.cpp">
      <Filter>Fichier source</Filter>
    </ClCompile>
    <ClCompile Include="EtatMenu.cpp">
      <Filter>Fichier source</Filter>
    </ClCompile>
    <ClCompile Include="Game.cpp">
      <Filter>Fichier source</Filter>
    </ClCompile>
    <ClCompile Include="Interface.cpp">
      <Filter>Fichier source</Filter>
    </ClCompile>
    <ClCompile Include="main.cpp">
      <Filter>Fichier source</Filter>
    </ClCompile>
    <ClCompile Include="map.cpp">
      <Filter>Fichier source</Filter>
    </ClCompile>
    <ClCompile Include="Minimap.cpp">
      <Filter>Fichier source</Filter>
    </ClCompile>
    <ClCompile Include="Player.cpp">
      <Filter>Fichier source</Filter>
    </ClCompile>
    <ClCompile Include="SpriteManager.cpp">
      <Filter>Fichier source</Filter>
    </ClCompile>
    <ClCompile Include="Technologie.cpp">
      <Filter>Fichier source</Filter>
    </ClCompile>
    <ClCompile Include="TextureManager.cpp">
      <Filter>Fichier source</Filter>
    </ClCompile>
    <ClCompile Include="Tile.cpp">
      <Filter>Fichier source</Filter>
    </ClCompile>
    <ClCompile Include="CouleurJoueur.h">
      <Filter>Fichier entête</Filter>
    </ClCompile>
    <ClCompile Include="TypeUnite.h">
      <Filter>Fichier entête</Filter>
    </ClCompile>
    <ClCompile Include="Arme.cpp">
      <Filter>Fichier source\Entite</Filter>
    </ClCompile>
    <ClCompile Include="ArmeManager.cpp">
      <Filter>Fichier source\Entite</Filter>
    </ClCompile>
    <ClCompile Include="Entite.cpp">
      <Filter>Fichier source\Entite</Filter>
    </ClCompile>
    <ClCompile Include="Unite.cpp">
      <Filter>Fichier source\Entite\Unite</Filter>
    </ClCompile>
    <ClCompile Include="UniteArmee.cpp">
      <Filter>Fichier source\Entite\Unite</Filter>
    </ClCompile>
    <ClCompile Include="UniteManager.cpp">
      <Filter>Fichier source\Entite\Unite</Filter>
    </ClCompile>
    <ClCompile Include="MenuPrincipal.cpp">
      <Filter>Fichier source</Filter>
    </ClCompile>
    <ClCompile Include="Batiment.cpp">
      <Filter>Fichier source\Entite\Batiment</Filter>
    </ClCompile>
    <ClCompile Include="BatimentManager.cpp">
      <Filter>Fichier source\Entite\Batiment</Filter>
    </ClCompile>
    <ClCompile Include="ProductionsRessource.cpp">
      <Filter>Fichier source\Entite\Batiment</Filter>
    </ClCompile>
    <ClCompile Include="ProductionsUnite.cpp">
      <Filter>Fichier source\Entite\Batiment</Filter>
    </ClCompile>
    <ClCompile Include="UniteUtilitaire.cpp">
      <Filter>Fichier source\Entite\Unite</Filter>
    </ClCompile>
    <ClCompile Include="Meteo.cpp">
      <Filter>Fichier source</Filter>
    </ClCompile>
  </ItemGroup>
  <ItemGroup>
    <ClInclude Include="Constantes.h">
      <Filter>Fichier entête</Filter>
    </ClInclude>
    <ClInclude Include="Etat.h">
      <Filter>Fichier entête</Filter>
    </ClInclude>
    <ClInclude Include="EtatJeu.h">
      <Filter>Fichier entête</Filter>
    </ClInclude>
    <ClInclude Include="EtatMenu.h">
      <Filter>Fichier entête</Filter>
    </ClInclude>
    <ClInclude Include="Game.h">
      <Filter>Fichier entête</Filter>
    </ClInclude>
    <ClInclude Include="Interface.h">
      <Filter>Fichier entête</Filter>
    </ClInclude>
    <ClInclude Include="map.h">
      <Filter>Fichier entête</Filter>
    </ClInclude>
    <ClInclude Include="Minimap.h">
      <Filter>Fichier entête</Filter>
    </ClInclude>
    <ClInclude Include="Player.h">
      <Filter>Fichier entête</Filter>
    </ClInclude>
    <ClInclude Include="Ressource.h">
      <Filter>Fichier entête</Filter>
    </ClInclude>
    <ClInclude Include="SpriteManager.h">
      <Filter>Fichier entête</Filter>
    </ClInclude>
    <ClInclude Include="Technologie.h">
      <Filter>Fichier entête</Filter>
    </ClInclude>
    <ClInclude Include="TextureManager.h">
      <Filter>Fichier entête</Filter>
    </ClInclude>
    <ClInclude Include="Tile.h">
      <Filter>Fichier entête</Filter>
    </ClInclude>
    <ClInclude Include="TypeCase.h">
      <Filter>Fichier entête</Filter>
    </ClInclude>
    <ClInclude Include="Arme.h">
      <Filter>Fichier entête\Entite</Filter>
    </ClInclude>
    <ClInclude Include="ArmeManager.h">
      <Filter>Fichier entête\Entite</Filter>
    </ClInclude>
    <ClInclude Include="Batiment.h">
      <Filter>Fichier entête\Entite\Batiment</Filter>
    </ClInclude>
    <ClInclude Include="Unite.h">
      <Filter>Fichier entête\Entite\Unite</Filter>
    </ClInclude>
    <ClInclude Include="UniteArmee.h">
      <Filter>Fichier entête\Entite\Unite</Filter>
    </ClInclude>
    <ClInclude Include="UniteManager.h">
      <Filter>Fichier entête\Entite\Unite</Filter>
    </ClInclude>
    <ClInclude Include="ProductionsRessource.h">
      <Filter>Fichier entête\Entite\Batiment</Filter>
    </ClInclude>
    <ClInclude Include="Entite.h">
      <Filter>Fichier entête\Entite</Filter>
    </ClInclude>
    <ClInclude Include="MenuPrincipal.h">
      <Filter>Fichier entête</Filter>
    </ClInclude>
    <ClInclude Include="BatimentManager.h">
      <Filter>Fichier entête\Entite\Batiment</Filter>
    </ClInclude>
    <ClInclude Include="ProductionsUnite.h">
      <Filter>Fichier entête\Entite\Batiment</Filter>
    </ClInclude>
    <ClInclude Include="UniteUtilitaire.h">
      <Filter>Fichier entête\Entite\Unite</Filter>
    </ClInclude>
    <ClInclude Include="Outil.h">
      <Filter>Fichier entête\Entite</Filter>
    </ClInclude>
<<<<<<< Updated upstream
    <ClInclude Include="Button.h">
      <Filter>Fichier entête\Graphic</Filter>
    </ClInclude>
    <ClInclude Include="ButtonList.h">
      <Filter>Fichier entête\Graphic</Filter>
    </ClInclude>
=======
>>>>>>> Stashed changes
    <ClInclude Include="Meteo.h">
      <Filter>Fichier entête</Filter>
    </ClInclude>
  </ItemGroup>
  <ItemGroup>
    <Text Include="readme.txt" />
  </ItemGroup>
  <ItemGroup>
    <Filter Include="Fichier entête">
      <UniqueIdentifier>{e3a78fc1-c2da-44d0-be98-f6f6fdca3990}</UniqueIdentifier>
    </Filter>
    <Filter Include="Fichier source">
      <UniqueIdentifier>{1cc4ac38-0e64-4495-a8ee-75b0ccd98f7b}</UniqueIdentifier>
    </Filter>
    <Filter Include="Fichier entête\Entite">
      <UniqueIdentifier>{dfa212cc-9ab8-49e8-b3bf-adc1a53aaf7e}</UniqueIdentifier>
    </Filter>
    <Filter Include="Fichier entête\Entite\Unite">
      <UniqueIdentifier>{ffb8490b-0637-4792-ae07-ec7b67496274}</UniqueIdentifier>
    </Filter>
    <Filter Include="Fichier entête\Entite\Batiment">
      <UniqueIdentifier>{0cd29d5e-1832-4cd1-b9ba-3f06fd99c77c}</UniqueIdentifier>
    </Filter>
    <Filter Include="Fichier source\Entite">
      <UniqueIdentifier>{dfc529f7-2eb4-4073-a0df-21949e43772e}</UniqueIdentifier>
    </Filter>
    <Filter Include="Fichier source\Entite\Unite">
      <UniqueIdentifier>{dce1b913-c020-43d7-b224-8ca2b15610ca}</UniqueIdentifier>
    </Filter>
    <Filter Include="Fichier source\Entite\Batiment">
      <UniqueIdentifier>{d25d6cc5-505d-44e5-88d7-7eb1af96ada2}</UniqueIdentifier>
    </Filter>
    <Filter Include="Fichier entête\Graphic">
      <UniqueIdentifier>{05275715-6534-425a-a215-abfaa39d0d1e}</UniqueIdentifier>
    </Filter>
  </ItemGroup>
</Project>